
Microsoft Visual Studio Solution File, Format Version 12.00
# Visual Studio 14
VisualStudioVersion = 14.0.23107.0
MinimumVisualStudioVersion = 10.0.40219.1
Project("{8BB2217D-0F2D-49D1-97BC-3654ED321F3B}") = "PlanetWeb", "PlanetWeb\PlanetWeb.xproj", "{1E898C38-E60F-4D21-B9A6-B4C24466C738}"
EndProject
Project("{8BB2217D-0F2D-49D1-97BC-3654ED321F3B}") = "PlanetService", "PlanetService\PlanetService.xproj", "{D160EC0E-DF00-46FC-8287-07508A141002}"
EndProject
Global
	GlobalSection(SolutionConfigurationPlatforms) = preSolution
		Debug|Any CPU = Debug|Any CPU
		Release|Any CPU = Release|Any CPU
	EndGlobalSection
	GlobalSection(ProjectConfigurationPlatforms) = postSolution
		{1E898C38-E60F-4D21-B9A6-B4C24466C738}.Debug|Any CPU.ActiveCfg = Debug|Any CPU
		{1E898C38-E60F-4D21-B9A6-B4C24466C738}.Debug|Any CPU.Build.0 = Debug|Any CPU
		{1E898C38-E60F-4D21-B9A6-B4C24466C738}.Release|Any CPU.ActiveCfg = Release|Any CPU
		{1E898C38-E60F-4D21-B9A6-B4C24466C738}.Release|Any CPU.Build.0 = Release|Any CPU
		{D160EC0E-DF00-46FC-8287-07508A141002}.Debug|Any CPU.ActiveCfg = Debug|Any CPU
		{D160EC0E-DF00-46FC-8287-07508A141002}.Debug|Any CPU.Build.0 = Debug|Any CPU
		{D160EC0E-DF00-46FC-8287-07508A141002}.Release|Any CPU.ActiveCfg = Release|Any CPU
		{D160EC0E-DF00-46FC-8287-07508A141002}.Release|Any CPU.Build.0 = Release|Any CPU
	EndGlobalSection
	GlobalSection(SolutionProperties) = preSolution
		HideSolutionNode = FALSE
	EndGlobalSection
EndGlobal
